
Microsoft Visual Studio Solution File, Format Version 12.00
# Visual Studio Version 17
VisualStudioVersion = 17.3.32728.150
MinimumVisualStudioVersion = 10.0.40219.1
Project("{9A19103F-16F7-4668-BE54-9A1E7A4F7556}") = "RoseLynn", "RoseLynn\RoseLynn.csproj", "{732A448B-E64D-445C-ABA2-EFB7B2CFFD49}"
EndProject
Project("{9A19103F-16F7-4668-BE54-9A1E7A4F7556}") = "RoseLynn.Analyzers", "RoseLynn.Analyzers\RoseLynn.Analyzers.csproj", "{88698E2B-E8E6-4578-861E-27D3EAC692D1}"
EndProject
Project("{9A19103F-16F7-4668-BE54-9A1E7A4F7556}") = "RoseLynn.Analyzers.Test", "RoseLynn.Analyzers.Test\RoseLynn.Analyzers.Test.csproj", "{C055E00C-EA8B-4B5A-BC8F-4208E4B9897A}"
EndProject
Project("{9A19103F-16F7-4668-BE54-9A1E7A4F7556}") = "RoseLynn.CodeFixes", "RoseLynn.CodeFixes\RoseLynn.CodeFixes.csproj", "{5517E585-4251-4062-A78E-0E9A9B653CAE}"
EndProject
Project("{9A19103F-16F7-4668-BE54-9A1E7A4F7556}") = "RoseLynn.Testing", "RoseLynn.Testing\RoseLynn.Testing.csproj", "{9707F326-C686-4ACB-93D4-1D1832EA29FC}"
EndProject
Project("{9A19103F-16F7-4668-BE54-9A1E7A4F7556}") = "RoseLynn.Testing.Test", "RoseLynn.Testing.Test\RoseLynn.Testing.Test.csproj", "{CDCB3BDF-C4D6-4F80-8041-6967FD803668}"
EndProject
Project("{9A19103F-16F7-4668-BE54-9A1E7A4F7556}") = "RoseLynn.Test", "RoseLynn.Test\RoseLynn.Test.csproj", "{0261DA3D-EFFF-490A-AB35-DE489DC41EE2}"
EndProject
Project("{9A19103F-16F7-4668-BE54-9A1E7A4F7556}") = "RoseLynn.Generators", "RoseLynn.Generators\RoseLynn.Generators.csproj", "{A89858C7-73BB-4C7D-AFA0-04B2E34F958C}"
EndProject
Global
	GlobalSection(SolutionConfigurationPlatforms) = preSolution
		Debug|Any CPU = Debug|Any CPU
		Release|Any CPU = Release|Any CPU
	EndGlobalSection
	GlobalSection(ProjectConfigurationPlatforms) = postSolution
		{732A448B-E64D-445C-ABA2-EFB7B2CFFD49}.Debug|Any CPU.ActiveCfg = Debug|Any CPU
		{732A448B-E64D-445C-ABA2-EFB7B2CFFD49}.Debug|Any CPU.Build.0 = Debug|Any CPU
		{732A448B-E64D-445C-ABA2-EFB7B2CFFD49}.Release|Any CPU.ActiveCfg = Release|Any CPU
		{732A448B-E64D-445C-ABA2-EFB7B2CFFD49}.Release|Any CPU.Build.0 = Release|Any CPU
		{88698E2B-E8E6-4578-861E-27D3EAC692D1}.Debug|Any CPU.ActiveCfg = Debug|Any CPU
		{88698E2B-E8E6-4578-861E-27D3EAC692D1}.Debug|Any CPU.Build.0 = Debug|Any CPU
		{88698E2B-E8E6-4578-861E-27D3EAC692D1}.Release|Any CPU.ActiveCfg = Release|Any CPU
		{88698E2B-E8E6-4578-861E-27D3EAC692D1}.Release|Any CPU.Build.0 = Release|Any CPU
		{C055E00C-EA8B-4B5A-BC8F-4208E4B9897A}.Debug|Any CPU.ActiveCfg = Debug|Any CPU
		{C055E00C-EA8B-4B5A-BC8F-4208E4B9897A}.Debug|Any CPU.Build.0 = Debug|Any CPU
		{C055E00C-EA8B-4B5A-BC8F-4208E4B9897A}.Release|Any CPU.ActiveCfg = Release|Any CPU
		{C055E00C-EA8B-4B5A-BC8F-4208E4B9897A}.Release|Any CPU.Build.0 = Release|Any CPU
		{5517E585-4251-4062-A78E-0E9A9B653CAE}.Debug|Any CPU.ActiveCfg = Debug|Any CPU
		{5517E585-4251-4062-A78E-0E9A9B653CAE}.Debug|Any CPU.Build.0 = Debug|Any CPU
		{5517E585-4251-4062-A78E-0E9A9B653CAE}.Release|Any CPU.ActiveCfg = Release|Any CPU
		{5517E585-4251-4062-A78E-0E9A9B653CAE}.Release|Any CPU.Build.0 = Release|Any CPU
		{9707F326-C686-4ACB-93D4-1D1832EA29FC}.Debug|Any CPU.ActiveCfg = Debug|Any CPU
		{9707F326-C686-4ACB-93D4-1D1832EA29FC}.Debug|Any CPU.Build.0 = Debug|Any CPU
		{9707F326-C686-4ACB-93D4-1D1832EA29FC}.Release|Any CPU.ActiveCfg = Release|Any CPU
		{9707F326-C686-4ACB-93D4-1D1832EA29FC}.Release|Any CPU.Build.0 = Release|Any CPU
		{CDCB3BDF-C4D6-4F80-8041-6967FD803668}.Debug|Any CPU.ActiveCfg = Debug|Any CPU
		{CDCB3BDF-C4D6-4F80-8041-6967FD803668}.Debug|Any CPU.Build.0 = Debug|Any CPU
		{CDCB3BDF-C4D6-4F80-8041-6967FD803668}.Release|Any CPU.ActiveCfg = Release|Any CPU
		{CDCB3BDF-C4D6-4F80-8041-6967FD803668}.Release|Any CPU.Build.0 = Release|Any CPU
		{0261DA3D-EFFF-490A-AB35-DE489DC41EE2}.Debug|Any CPU.ActiveCfg = Debug|Any CPU
		{0261DA3D-EFFF-490A-AB35-DE489DC41EE2}.Debug|Any CPU.Build.0 = Debug|Any CPU
		{0261DA3D-EFFF-490A-AB35-DE489DC41EE2}.Release|Any CPU.ActiveCfg = Release|Any CPU
		{0261DA3D-EFFF-490A-AB35-DE489DC41EE2}.Release|Any CPU.Build.0 = Release|Any CPU
		{A89858C7-73BB-4C7D-AFA0-04B2E34F958C}.Debug|Any CPU.ActiveCfg = Debug|Any CPU
		{A89858C7-73BB-4C7D-AFA0-04B2E34F958C}.Debug|Any CPU.Build.0 = Debug|Any CPU
		{A89858C7-73BB-4C7D-AFA0-04B2E34F958C}.Release|Any CPU.ActiveCfg = Release|Any CPU
		{A89858C7-73BB-4C7D-AFA0-04B2E34F958C}.Release|Any CPU.Build.0 = Release|Any CPU
	EndGlobalSection
	GlobalSection(SolutionProperties) = preSolution
		HideSolutionNode = FALSE
	EndGlobalSection
	GlobalSection(ExtensibilityGlobals) = postSolution
		SolutionGuid = {848D7E82-265D-483C-8E56-5F466A728B44}
	EndGlobalSection
EndGlobal
